
Microsoft Visual Studio Solution File, Format Version 12.00
# Visual Studio Version 17
VisualStudioVersion = 17.7.34031.279
MinimumVisualStudioVersion = 10.0.40219.1
Project("{FAE04EC0-301F-11D3-BF4B-00C04F79EFBC}") = "scoop-manifest-generator", "scoop-manifest-generator.csproj", "{C766A45F-BC98-4A89-86CA-582CC05AAB01}"
EndProject
Global
	GlobalSection(SolutionConfigurationPlatforms) = preSolution
		Debug|Any CPU = Debug|Any CPU
		Release|Any CPU = Release|Any CPU
	EndGlobalSection
	GlobalSection(ProjectConfigurationPlatforms) = postSolution
		{C766A45F-BC98-4A89-86CA-582CC05AAB01}.Debug|Any CPU.ActiveCfg = Debug|Any CPU
		{C766A45F-BC98-4A89-86CA-582CC05AAB01}.Debug|Any CPU.Build.0 = Debug|Any CPU
		{C766A45F-BC98-4A89-86CA-582CC05AAB01}.Release|Any CPU.ActiveCfg = Release|Any CPU
		{C766A45F-BC98-4A89-86CA-582CC05AAB01}.Release|Any CPU.Build.0 = Release|Any CPU
	EndGlobalSection
	GlobalSection(SolutionProperties) = preSolution
		HideSolutionNode = FALSE
	EndGlobalSection
	GlobalSection(ExtensibilityGlobals) = postSolution
		SolutionGuid = {7DF95612-EA2C-4376-B744-7EE1AE4BEFFB}
	EndGlobalSection
EndGlobal
